
Microsoft Visual Studio Solution File, Format Version 12.00
# Visual Studio Version 17
VisualStudioVersion = 17.1.32228.430
MinimumVisualStudioVersion = 10.0.40219.1
Project("{FAE04EC0-301F-11D3-BF4B-00C04F79EFBC}") = "hairzone-backend", "hairzone-backend\hairzone-backend.csproj", "{7A232579-15C7-4CC0-80D2-823679665567}"
EndProject
Project("{FAE04EC0-301F-11D3-BF4B-00C04F79EFBC}") = "Hairzone.API", "Hairzone.API\Hairzone.API.csproj", "{58B1160F-6DC7-4C1C-A2AD-8F2A560C847D}"
EndProject
Global
	GlobalSection(SolutionConfigurationPlatforms) = preSolution
		Debug|Any CPU = Debug|Any CPU
		Release|Any CPU = Release|Any CPU
	EndGlobalSection
	GlobalSection(ProjectConfigurationPlatforms) = postSolution
		{7A232579-15C7-4CC0-80D2-823679665567}.Debug|Any CPU.ActiveCfg = Debug|Any CPU
		{7A232579-15C7-4CC0-80D2-823679665567}.Debug|Any CPU.Build.0 = Debug|Any CPU
		{7A232579-15C7-4CC0-80D2-823679665567}.Release|Any CPU.ActiveCfg = Release|Any CPU
		{7A232579-15C7-4CC0-80D2-823679665567}.Release|Any CPU.Build.0 = Release|Any CPU
		{58B1160F-6DC7-4C1C-A2AD-8F2A560C847D}.Debug|Any CPU.ActiveCfg = Debug|Any CPU
		{58B1160F-6DC7-4C1C-A2AD-8F2A560C847D}.Debug|Any CPU.Build.0 = Debug|Any CPU
		{58B1160F-6DC7-4C1C-A2AD-8F2A560C847D}.Release|Any CPU.ActiveCfg = Release|Any CPU
		{58B1160F-6DC7-4C1C-A2AD-8F2A560C847D}.Release|Any CPU.Build.0 = Release|Any CPU
	EndGlobalSection
	GlobalSection(SolutionProperties) = preSolution
		HideSolutionNode = FALSE
	EndGlobalSection
	GlobalSection(ExtensibilityGlobals) = postSolution
		SolutionGuid = {B7B7E9C3-9AE6-4B97-A52C-3CEF2E62E07E}
	EndGlobalSection
EndGlobal
